
Microsoft Visual Studio Solution File, Format Version 12.00
# Visual Studio 15
VisualStudioVersion = 15.0.28010.2019
MinimumVisualStudioVersion = 10.0.40219.1
Project("{FAE04EC0-301F-11D3-BF4B-00C04F79EFBC}") = "StationLabelizer", "StationLabelizer.csproj", "{033A42E8-63CB-47F3-A76C-DC7FED0FFEE0}"
EndProject
Global
	GlobalSection(SolutionConfigurationPlatforms) = preSolution
		Debug|Any CPU = Debug|Any CPU
		Release|Any CPU = Release|Any CPU
	EndGlobalSection
	GlobalSection(ProjectConfigurationPlatforms) = postSolution
		{033A42E8-63CB-47F3-A76C-DC7FED0FFEE0}.Debug|Any CPU.ActiveCfg = Debug|Any CPU
		{033A42E8-63CB-47F3-A76C-DC7FED0FFEE0}.Debug|Any CPU.Build.0 = Debug|Any CPU
		{033A42E8-63CB-47F3-A76C-DC7FED0FFEE0}.Release|Any CPU.ActiveCfg = Release|Any CPU
		{033A42E8-63CB-47F3-A76C-DC7FED0FFEE0}.Release|Any CPU.Build.0 = Release|Any CPU
	EndGlobalSection
	GlobalSection(SolutionProperties) = preSolution
		HideSolutionNode = FALSE
	EndGlobalSection
	GlobalSection(ExtensibilityGlobals) = postSolution
		SolutionGuid = {F786C6FC-F572-415F-8278-5655F8C69538}
	EndGlobalSection
EndGlobal
